<?xml version="1.0" encoding="utf-8"?>
<Project ToolsVersion="4.0" xmlns="http://schemas.microsoft.com/developer/msbuild/2003">
  <ItemGroup>
    <Filter Include="リソース ファイル">
      <UniqueIdentifier>{67DA6AB6-F800-4c08-8B7A-83BB121AAD01}</UniqueIdentifier>
      <Extensions>rc;ico;cur;bmp;dlg;rc2;rct;bin;rgs;gif;jpg;jpeg;jpe;resx;tiff;tif;png;wav;mfcribbon-ms</Extensions>
    </Filter>
    <Filter Include="ヘッダー ファイル">
      <UniqueIdentifier>{93995380-89BD-4b04-88EB-625FBE52EBFB}</UniqueIdentifier>
      <Extensions>h;hh;hpp;hxx;h++;hm;inl;inc;ipp;xsd</Extensions>
    </Filter>
    <Filter Include="Game">
      <UniqueIdentifier>{4FC737F1-C7A5-4376-A066-2A32D752A2FF}</UniqueIdentifier>
      <Extensions>cpp;c;cc;cxx;c++;cppm;ixx;def;odl;idl;hpj;bat;asm;asmx</Extensions>
    </Filter>
    <Filter Include="Game\2d %28DebugTxt  Sprite Texture%29">
      <UniqueIdentifier>{89448607-1f71-4fa2-81d3-a098497fd03e}</UniqueIdentifier>
    </Filter>
    <Filter Include="Game\2d %28DebugTxt  Sprite Texture%29\sprite">
      <UniqueIdentifier>{c35e7984-0336-4ead-98e9-4c5d055a7d42}</UniqueIdentifier>
    </Filter>
    <Filter Include="Game\2d %28DebugTxt  Sprite Texture%29\texture">
      <UniqueIdentifier>{3e806fd0-a6b2-4fe8-bf08-baafb4aac7a9}</UniqueIdentifier>
    </Filter>
    <Filter Include="Game\2d %28DebugTxt  Sprite Texture%29\posteffect">
      <UniqueIdentifier>{3aec48ac-9748-421e-b3b2-330ac8332409}</UniqueIdentifier>
    </Filter>
    <Filter Include="Game\3d %28Model  Obj  Fbx%29">
      <UniqueIdentifier>{c85e5191-d41d-42d7-965e-2909d1472162}</UniqueIdentifier>
    </Filter>
    <Filter Include="Game\3d %28Model  Obj  Fbx%29\fbx">
      <UniqueIdentifier>{ba43dd49-6aa5-4fff-8b68-8672c915be4d}</UniqueIdentifier>
    </Filter>
    <Filter Include="Game\3d %28Model  Obj  Fbx%29\obj">
      <UniqueIdentifier>{7f66ef81-f622-425c-85f0-bc4fc79503dd}</UniqueIdentifier>
    </Filter>
    <Filter Include="Game\base %28Dxcmn  Winapp  Input%29">
      <UniqueIdentifier>{d329b92f-f1df-4fd0-8987-7702493d45c0}</UniqueIdentifier>
    </Filter>
    <Filter Include="Game\base %28Dxcmn  Winapp  Input%29\audio">
      <UniqueIdentifier>{3a331b0b-7e8a-4e0c-b7a3-7b527867ea08}</UniqueIdentifier>
    </Filter>
    <Filter Include="Game\collision">
      <UniqueIdentifier>{a5d15daa-90ff-4b7f-a438-af2ba141053a}</UniqueIdentifier>
    </Filter>
    <Filter Include="Game\Scene">
      <UniqueIdentifier>{71571380-9e3e-4eae-8be2-8821f123a3af}</UniqueIdentifier>
    </Filter>
    <Filter Include="Game\Scene\title,play">
      <UniqueIdentifier>{1c29f6ca-2414-4584-bc7f-019dad1dc8ef}</UniqueIdentifier>
    </Filter>
    <Filter Include="Game\Scene\basescene">
      <UniqueIdentifier>{ba3e160d-6499-4593-ad7e-388c395ab9f1}</UniqueIdentifier>
    </Filter>
    <Filter Include="Game\Scene\SceneManager">
      <UniqueIdentifier>{56fcbf9e-9fe0-4faa-aa45-1615c0d8fd02}</UniqueIdentifier>
    </Filter>
    <Filter Include="Game\Scene\framework">
      <UniqueIdentifier>{a1bad7c0-fa12-4aaf-8391-fafcad7f2b9f}</UniqueIdentifier>
    </Filter>
    <Filter Include="Game\gameobject">
      <UniqueIdentifier>{21df807f-5c3c-43d9-9a7d-fa929d490fa6}</UniqueIdentifier>
    </Filter>
    <Filter Include="Game\gameobject\light">
      <UniqueIdentifier>{183d173f-2d44-495f-b8c2-3ba74039a818}</UniqueIdentifier>
    </Filter>
    <Filter Include="Game\gameobject\camera">
      <UniqueIdentifier>{133564d7-a6f9-464b-959e-0a1b2ee172da}</UniqueIdentifier>
    </Filter>
    <Filter Include="Game\gameobject\ゲームオブジェクト">
      <UniqueIdentifier>{6bdd6aec-aa3b-4bcb-adce-b0c79d15222c}</UniqueIdentifier>
    </Filter>
    <Filter Include="Game\gameobject\ゲームオブジェクト\Player">
      <UniqueIdentifier>{82a94310-85ef-4641-b334-083a5d0e8f8f}</UniqueIdentifier>
    </Filter>
  </ItemGroup>
  <ItemGroup>
    <ClCompile Include="main.cpp">
      <Filter>Game</Filter>
    </ClCompile>
    <ClCompile Include="Sprite.cpp">
      <Filter>Game\2d %28DebugTxt  Sprite Texture%29\sprite</Filter>
    </ClCompile>
    <ClCompile Include="DebugTxt.cpp">
      <Filter>Game\2d %28DebugTxt  Sprite Texture%29\sprite</Filter>
    </ClCompile>
    <ClCompile Include="PostEffect.cpp">
      <Filter>Game\2d %28DebugTxt  Sprite Texture%29\posteffect</Filter>
    </ClCompile>
    <ClCompile Include="Texture.cpp">
      <Filter>Game\2d %28DebugTxt  Sprite Texture%29\texture</Filter>
    </ClCompile>
    <ClCompile Include="f_Model.cpp">
      <Filter>Game\3d %28Model  Obj  Fbx%29\fbx</Filter>
    </ClCompile>
    <ClCompile Include="f_Object3d.cpp">
      <Filter>Game\3d %28Model  Obj  Fbx%29\fbx</Filter>
    </ClCompile>
    <ClCompile Include="FbxLoader.cpp">
      <Filter>Game\3d %28Model  Obj  Fbx%29\fbx</Filter>
    </ClCompile>
    <ClCompile Include="Material.cpp">
      <Filter>Game\3d %28Model  Obj  Fbx%29\obj</Filter>
    </ClCompile>
    <ClCompile Include="Mesh.cpp">
      <Filter>Game\3d %28Model  Obj  Fbx%29\obj</Filter>
    </ClCompile>
    <ClCompile Include="Model.cpp">
      <Filter>Game\3d %28Model  Obj  Fbx%29\obj</Filter>
    </ClCompile>
    <ClCompile Include="Object3d.cpp">
      <Filter>Game\3d %28Model  Obj  Fbx%29\obj</Filter>
    </ClCompile>
    <ClCompile Include="Audio.cpp">
      <Filter>Game\base %28Dxcmn  Winapp  Input%29\audio</Filter>
    </ClCompile>
    <ClCompile Include="DirectXCommon.cpp">
      <Filter>Game\base %28Dxcmn  Winapp  Input%29</Filter>
    </ClCompile>
    <ClCompile Include="Input.cpp">
      <Filter>Game\base %28Dxcmn  Winapp  Input%29</Filter>
    </ClCompile>
    <ClCompile Include="WinApp.cpp">
      <Filter>Game\base %28Dxcmn  Winapp  Input%29</Filter>
    </ClCompile>
    <ClCompile Include="DebugCamera.cpp">
      <Filter>Game\gameobject\camera</Filter>
    </ClCompile>
    <ClCompile Include="Camera.cpp">
      <Filter>Game\gameobject\camera</Filter>
    </ClCompile>
    <ClCompile Include="BaseCollider.cpp">
      <Filter>Game\collision</Filter>
    </ClCompile>
    <ClCompile Include="Collision.cpp">
      <Filter>Game\collision</Filter>
    </ClCompile>
    <ClCompile Include="SphereCollider.cpp">
      <Filter>Game\collision</Filter>
    </ClCompile>
    <ClCompile Include="CollisionPrimitive.cpp">
      <Filter>Game\collision</Filter>
    </ClCompile>
    <ClCompile Include="Framework.cpp">
      <Filter>Game\Scene\framework</Filter>
    </ClCompile>
    <ClCompile Include="SceneManager.cpp">
      <Filter>Game\Scene\SceneManager</Filter>
    </ClCompile>
    <ClCompile Include="MyGame.cpp">
      <Filter>Game\Scene\basescene</Filter>
    </ClCompile>
    <ClCompile Include="TitleScene.cpp">
      <Filter>Game\Scene\title,play</Filter>
    </ClCompile>
    <ClCompile Include="BaseScene.cpp">
      <Filter>Game\Scene\basescene</Filter>
    </ClCompile>
    <ClCompile Include="LightGroup.cpp">
      <Filter>Game\gameobject\light</Filter>
    </ClCompile>
    <ClCompile Include="Player.cpp">
      <Filter>Game\gameobject\ゲームオブジェクト\Player</Filter>
    </ClCompile>
    <ClCompile Include="CollisionManager.cpp">
      <Filter>Game\collision</Filter>
    </ClCompile>
    <ClCompile Include="MeshCollider.cpp">
      <Filter>Game\collision</Filter>
    </ClCompile>
    <ClCompile Include="TouchableObject.cpp">
      <Filter>Game\collision</Filter>
    </ClCompile>
    <ClCompile Include="ModelManager.cpp">
      <Filter>Game\3d %28Model  Obj  Fbx%29</Filter>
    </ClCompile>
    <ClCompile Include="QueryCallback.cpp">
      <Filter>Game\collision</Filter>
    </ClCompile>
    <ClCompile Include="OBBCollision.cpp">
      <Filter>Game\collision</Filter>
    </ClCompile>
    <ClCompile Include="ObjectManager.cpp">
      <Filter>Game\gameobject</Filter>
    </ClCompile>
    <ClCompile Include="Feed.cpp">
      <Filter>Game</Filter>
    </ClCompile>
    <ClCompile Include="Tutorial.cpp">
      <Filter>Game\Scene\title,play</Filter>
    </ClCompile>
    <ClCompile Include="PlayerControl.cpp">
      <Filter>Game\gameobject\ゲームオブジェクト\Player</Filter>
    </ClCompile>
    <ClCompile Include="ControlBase.cpp">
      <Filter>Game\gameobject\camera</Filter>
    </ClCompile>
    <ClCompile Include="CameraControl.cpp">
      <Filter>Game\gameobject\camera</Filter>
    </ClCompile>
  </ItemGroup>
  <ItemGroup>
    <ClInclude Include="Sprite.h">
      <Filter>Game\2d %28DebugTxt  Sprite Texture%29\sprite</Filter>
    </ClInclude>
    <ClInclude Include="DebugTxt.h">
      <Filter>Game\2d %28DebugTxt  Sprite Texture%29\sprite</Filter>
    </ClInclude>
    <ClInclude Include="PostEffect.h">
      <Filter>Game\2d %28DebugTxt  Sprite Texture%29\posteffect</Filter>
    </ClInclude>
    <ClInclude Include="Texture.h">
      <Filter>Game\2d %28DebugTxt  Sprite Texture%29\texture</Filter>
    </ClInclude>
    <ClInclude Include="f_Model.h">
      <Filter>Game\3d %28Model  Obj  Fbx%29\fbx</Filter>
    </ClInclude>
    <ClInclude Include="f_Object3d.h">
      <Filter>Game\3d %28Model  Obj  Fbx%29\fbx</Filter>
    </ClInclude>
    <ClInclude Include="FbxLoader.h">
      <Filter>Game\3d %28Model  Obj  Fbx%29\fbx</Filter>
    </ClInclude>
    <ClInclude Include="Material.h">
      <Filter>Game\3d %28Model  Obj  Fbx%29\obj</Filter>
    </ClInclude>
    <ClInclude Include="Mesh.h">
      <Filter>Game\3d %28Model  Obj  Fbx%29\obj</Filter>
    </ClInclude>
    <ClInclude Include="Model.h">
      <Filter>Game\3d %28Model  Obj  Fbx%29\obj</Filter>
    </ClInclude>
    <ClInclude Include="Object3d.h">
      <Filter>Game\3d %28Model  Obj  Fbx%29\obj</Filter>
    </ClInclude>
    <ClInclude Include="Audio.h">
      <Filter>Game\base %28Dxcmn  Winapp  Input%29\audio</Filter>
    </ClInclude>
    <ClInclude Include="DirectXCommon.h">
      <Filter>Game\base %28Dxcmn  Winapp  Input%29</Filter>
    </ClInclude>
    <ClInclude Include="Input.h">
      <Filter>Game\base %28Dxcmn  Winapp  Input%29</Filter>
    </ClInclude>
    <ClInclude Include="WinApp.h">
      <Filter>Game\base %28Dxcmn  Winapp  Input%29</Filter>
    </ClInclude>
    <ClInclude Include="DebugCamera.h">
      <Filter>Game\gameobject\camera</Filter>
    </ClInclude>
    <ClInclude Include="Camera.h">
      <Filter>Game\gameobject\camera</Filter>
    </ClInclude>
    <ClInclude Include="CollisionTypes.h">
      <Filter>Game\collision</Filter>
    </ClInclude>
    <ClInclude Include="CollisionInfo.h">
      <Filter>Game\collision</Filter>
    </ClInclude>
    <ClInclude Include="CollisionPrimitive.h">
      <Filter>Game\collision</Filter>
    </ClInclude>
    <ClInclude Include="BaseCollider.h">
      <Filter>Game\collision</Filter>
    </ClInclude>
    <ClInclude Include="Collision.h">
      <Filter>Game\collision</Filter>
    </ClInclude>
    <ClInclude Include="SphereCollider.h">
      <Filter>Game\collision</Filter>
    </ClInclude>
    <ClInclude Include="Framework.h">
      <Filter>Game\Scene\framework</Filter>
    </ClInclude>
    <ClInclude Include="SceneManager.h">
      <Filter>Game\Scene\SceneManager</Filter>
    </ClInclude>
    <ClInclude Include="MyGame.h">
      <Filter>Game\Scene\basescene</Filter>
    </ClInclude>
    <ClInclude Include="TitleScene.h">
      <Filter>Game\Scene\title,play</Filter>
    </ClInclude>
    <ClInclude Include="BaseScene.h">
      <Filter>Game\Scene\basescene</Filter>
    </ClInclude>
    <ClInclude Include="DirectionalLight.h">
      <Filter>Game\gameobject\light</Filter>
    </ClInclude>
    <ClInclude Include="PointLight.h">
      <Filter>Game\gameobject\light</Filter>
    </ClInclude>
    <ClInclude Include="SpotLight.h">
      <Filter>Game\gameobject\light</Filter>
    </ClInclude>
    <ClInclude Include="LightGroup.h">
      <Filter>Game\gameobject\light</Filter>
    </ClInclude>
    <ClInclude Include="Player.h">
      <Filter>Game\gameobject\ゲームオブジェクト\Player</Filter>
    </ClInclude>
    <ClInclude Include="MeshCollider.h">
      <Filter>Game\collision</Filter>
    </ClInclude>
    <ClInclude Include="CollisionManager.h">
      <Filter>Game\collision</Filter>
    </ClInclude>
    <ClInclude Include="RaycastHit.h">
      <Filter>Game\collision</Filter>
    </ClInclude>
    <ClInclude Include="TouchableObject.h">
      <Filter>Game\collision</Filter>
    </ClInclude>
    <ClInclude Include="CollisionAttribute.h">
      <Filter>Game\collision</Filter>
    </ClInclude>
    <ClInclude Include="mHelper.h">
      <Filter>ヘッダー ファイル</Filter>
    </ClInclude>
    <ClInclude Include="ModelManager.h">
      <Filter>Game\3d %28Model  Obj  Fbx%29</Filter>
    </ClInclude>
    <ClInclude Include="QueryCallback.h">
      <Filter>Game\collision</Filter>
    </ClInclude>
    <ClInclude Include="Destroy.h">
      <Filter>Game</Filter>
    </ClInclude>
    <ClInclude Include="OBB.h">
      <Filter>Game\collision</Filter>
    </ClInclude>
    <ClInclude Include="ObjectManager.h">
      <Filter>Game\gameobject</Filter>
    </ClInclude>
    <ClInclude Include="Feed.h">
      <Filter>ヘッダー ファイル</Filter>
    </ClInclude>
    <ClInclude Include="Tutorial.h">
      <Filter>Game\Scene\title,play</Filter>
    </ClInclude>
    <ClInclude Include="OBBCollision.h">
      <Filter>Game\collision</Filter>
    </ClInclude>
    <ClInclude Include="PlayerControl.h">
      <Filter>Game\gameobject\ゲームオブジェクト\Player</Filter>
    </ClInclude>
    <ClInclude Include="ControlBase.h">
      <Filter>Game\gameobject\camera</Filter>
    </ClInclude>
    <ClInclude Include="CameraControl.h">
      <Filter>Game\gameobject\camera</Filter>
    </ClInclude>
  </ItemGroup>
  <ItemGroup>
    <FxCompile Include="Resources\Shader\BasicGS.hlsl">
      <Filter>リソース ファイル</Filter>
    </FxCompile>
    <FxCompile Include="Resources\Shader\BasicPS.hlsl">
      <Filter>リソース ファイル</Filter>
    </FxCompile>
    <FxCompile Include="Resources\Shader\BasicVS.hlsl">
      <Filter>リソース ファイル</Filter>
    </FxCompile>
    <FxCompile Include="Resources\Shader\BlurPS.hlsl">
      <Filter>リソース ファイル</Filter>
    </FxCompile>
    <FxCompile Include="Resources\Shader\BlurVS.hlsl">
      <Filter>リソース ファイル</Filter>
    </FxCompile>
    <FxCompile Include="Resources\Shader\FBXPS.hlsl">
      <Filter>リソース ファイル</Filter>
    </FxCompile>
    <FxCompile Include="Resources\Shader\FBXVS.hlsl">
      <Filter>リソース ファイル</Filter>
    </FxCompile>
    <FxCompile Include="Resources\Shader\lightpixel.hlsl">
      <Filter>リソース ファイル</Filter>
    </FxCompile>
    <FxCompile Include="Resources\Shader\lightver.hlsl">
      <Filter>リソース ファイル</Filter>
    </FxCompile>
    <FxCompile Include="Resources\Shader\PostEffectTestPS.hlsl">
      <Filter>リソース ファイル</Filter>
    </FxCompile>
    <FxCompile Include="Resources\Shader\PostEffectTestVS.hlsl">
      <Filter>リソース ファイル</Filter>
    </FxCompile>
    <FxCompile Include="Resources\Shader\SpritePS.hlsl">
      <Filter>リソース ファイル</Filter>
    </FxCompile>
    <FxCompile Include="Resources\Shader\SpriteVS.hlsl">
      <Filter>リソース ファイル</Filter>
    </FxCompile>
    <FxCompile Include="Resources\Shader\TexturePS.hlsl">
      <Filter>リソース ファイル</Filter>
    </FxCompile>
    <FxCompile Include="Resources\Shader\TextureVS.hlsl">
      <Filter>リソース ファイル</Filter>
    </FxCompile>
  </ItemGroup>
  <ItemGroup>
    <None Include="Resources\Shader\Blur.hlsli">
      <Filter>リソース ファイル</Filter>
    </None>
    <None Include="Resources\Shader\FBX.hlsli">
      <Filter>リソース ファイル</Filter>
    </None>
    <None Include="Resources\Shader\Header.hlsli">
      <Filter>リソース ファイル</Filter>
    </None>
    <None Include="Resources\Shader\PostEffectTest.hlsli">
      <Filter>リソース ファイル</Filter>
    </None>
    <None Include="Resources\Shader\Sprite.hlsli">
      <Filter>リソース ファイル</Filter>
    </None>
    <None Include="Resources\Shader\Texture.hlsli">
      <Filter>リソース ファイル</Filter>
    </None>
    <None Include="Resources\Shader\light.hlsli">
      <Filter>リソース ファイル</Filter>
    </None>
  </ItemGroup>
</Project>