<?xml version="1.0" encoding="utf-8"?>
<Project ToolsVersion="4.0" xmlns="http://schemas.microsoft.com/developer/msbuild/2003">
  <ItemGroup>
    <Filter Include="リソース ファイル">
      <UniqueIdentifier>{67DA6AB6-F800-4c08-8B7A-83BB121AAD01}</UniqueIdentifier>
      <Extensions>rc;ico;cur;bmp;dlg;rc2;rct;bin;rgs;gif;jpg;jpeg;jpe;resx;tiff;tif;png;wav;mfcribbon-ms</Extensions>
    </Filter>
    <Filter Include="ヘッダー ファイル">
      <UniqueIdentifier>{93995380-89BD-4b04-88EB-625FBE52EBFB}</UniqueIdentifier>
      <Extensions>h;hh;hpp;hxx;h++;hm;inl;inc;ipp;xsd</Extensions>
    </Filter>
    <Filter Include="Game">
      <UniqueIdentifier>{4FC737F1-C7A5-4376-A066-2A32D752A2FF}</UniqueIdentifier>
      <Extensions>cpp;c;cc;cxx;c++;cppm;ixx;def;odl;idl;hpj;bat;asm;asmx</Extensions>
    </Filter>
    <Filter Include="Game\2d %28DebugTxt  Sprite Texture%29">
      <UniqueIdentifier>{89448607-1f71-4fa2-81d3-a098497fd03e}</UniqueIdentifier>
    </Filter>
    <Filter Include="Game\2d %28DebugTxt  Sprite Texture%29\sprite">
      <UniqueIdentifier>{c35e7984-0336-4ead-98e9-4c5d055a7d42}</UniqueIdentifier>
    </Filter>
    <Filter Include="Game\2d %28DebugTxt  Sprite Texture%29\texture">
      <UniqueIdentifier>{3e806fd0-a6b2-4fe8-bf08-baafb4aac7a9}</UniqueIdentifier>
    </Filter>
    <Filter Include="Game\2d %28DebugTxt  Sprite Texture%29\posteffect">
      <UniqueIdentifier>{3aec48ac-9748-421e-b3b2-330ac8332409}</UniqueIdentifier>
    </Filter>
    <Filter Include="Game\3d %28Model  Obj  Fbx%29">
      <UniqueIdentifier>{c85e5191-d41d-42d7-965e-2909d1472162}</UniqueIdentifier>
    </Filter>
    <Filter Include="Game\3d %28Model  Obj  Fbx%29\fbx">
      <UniqueIdentifier>{ba43dd49-6aa5-4fff-8b68-8672c915be4d}</UniqueIdentifier>
    </Filter>
    <Filter Include="Game\3d %28Model  Obj  Fbx%29\obj">
      <UniqueIdentifier>{7f66ef81-f622-425c-85f0-bc4fc79503dd}</UniqueIdentifier>
    </Filter>
    <Filter Include="Game\base %28Dxcmn  Winapp  Input%29">
      <UniqueIdentifier>{d329b92f-f1df-4fd0-8987-7702493d45c0}</UniqueIdentifier>
    </Filter>
    <Filter Include="Game\base %28Dxcmn  Winapp  Input%29\audio">
      <UniqueIdentifier>{3a331b0b-7e8a-4e0c-b7a3-7b527867ea08}</UniqueIdentifier>
    </Filter>
    <Filter Include="Game\collision">
      <UniqueIdentifier>{a5d15daa-90ff-4b7f-a438-af2ba141053a}</UniqueIdentifier>
    </Filter>
    <Filter Include="Game\Scene">
      <UniqueIdentifier>{71571380-9e3e-4eae-8be2-8821f123a3af}</UniqueIdentifier>
    </Filter>
    <Filter Include="Game\Scene\title,play">
      <UniqueIdentifier>{1c29f6ca-2414-4584-bc7f-019dad1dc8ef}</UniqueIdentifier>
    </Filter>
    <Filter Include="Game\Scene\basescene">
      <UniqueIdentifier>{ba3e160d-6499-4593-ad7e-388c395ab9f1}</UniqueIdentifier>
    </Filter>
    <Filter Include="Game\Scene\SceneManager">
      <UniqueIdentifier>{56fcbf9e-9fe0-4faa-aa45-1615c0d8fd02}</UniqueIdentifier>
    </Filter>
    <Filter Include="Game\Scene\framework">
      <UniqueIdentifier>{a1bad7c0-fa12-4aaf-8391-fafcad7f2b9f}</UniqueIdentifier>
    </Filter>
    <Filter Include="Game\gameobject">
      <UniqueIdentifier>{21df807f-5c3c-43d9-9a7d-fa929d490fa6}</UniqueIdentifier>
    </Filter>
    <Filter Include="Game\gameobject\light">
      <UniqueIdentifier>{183d173f-2d44-495f-b8c2-3ba74039a818}</UniqueIdentifier>
    </Filter>
    <Filter Include="Game\gameobject\camera">
      <UniqueIdentifier>{133564d7-a6f9-464b-959e-0a1b2ee172da}</UniqueIdentifier>
    </Filter>
    <Filter Include="Game\gameobject\ゲームオブジェクト">
      <UniqueIdentifier>{6bdd6aec-aa3b-4bcb-adce-b0c79d15222c}</UniqueIdentifier>
    </Filter>
    <Filter Include="Game\gameobject\ゲームオブジェクト\Player">
      <UniqueIdentifier>{82a94310-85ef-4641-b334-083a5d0e8f8f}</UniqueIdentifier>
    </Filter>
    <Filter Include="Game\gameobject\ゲームオブジェクト\寿司">
      <UniqueIdentifier>{6fe175e9-e69e-4ac6-9e08-18ff1721733b}</UniqueIdentifier>
    </Filter>
    <Filter Include="Game\gameobject\ゲームオブジェクト\Bench">
      <UniqueIdentifier>{f091267d-2466-4a88-b943-281e9ae830cb}</UniqueIdentifier>
    </Filter>
    <Filter Include="Game\gameobject\ゲームオブジェクト\配置物">
      <UniqueIdentifier>{40412fc5-ef74-49b4-ba6d-cba4ee81a241}</UniqueIdentifier>
    </Filter>
    <Filter Include="Game\gameobject\ゲームオブジェクト\Player\Human">
      <UniqueIdentifier>{0c54649b-d887-40dd-b546-3d3cc8e0f001}</UniqueIdentifier>
    </Filter>
  </ItemGroup>
  <ItemGroup>
    <ClCompile Include="main.cpp">
      <Filter>Game</Filter>
    </ClCompile>
    <ClCompile Include="MyGame.cpp">
      <Filter>Game\Scene\basescene</Filter>
    </ClCompile>
    <ClCompile Include="GameObj\Bench.cpp">
      <Filter>Game\gameobject\ゲームオブジェクト\Bench</Filter>
    </ClCompile>
    <ClCompile Include="PlaceObj.cpp">
      <Filter>Game\gameobject\ゲームオブジェクト\配置物</Filter>
    </ClCompile>
    <ClCompile Include="Scenes\ResultScene.cpp">
      <Filter>Game\Scene\title,play</Filter>
    </ClCompile>
    <ClCompile Include="Scenes\GameScene.cpp">
      <Filter>Game\Scene\title,play</Filter>
    </ClCompile>
    <ClCompile Include="GameObj\Egg.cpp">
      <Filter>Game\gameobject\ゲームオブジェクト\寿司</Filter>
    </ClCompile>
    <ClCompile Include="GameObj\Sushi.cpp">
      <Filter>Game\gameobject\ゲームオブジェクト\寿司</Filter>
    </ClCompile>
    <ClCompile Include="GameObj\Tuna.cpp">
      <Filter>Game\gameobject\ゲームオブジェクト\寿司</Filter>
    </ClCompile>
    <ClCompile Include="Collisions\BaseCollider.cpp">
      <Filter>Game\collision</Filter>
    </ClCompile>
    <ClCompile Include="Collisions\Collision.cpp">
      <Filter>Game\collision</Filter>
    </ClCompile>
    <ClCompile Include="Collisions\CollisionManager.cpp">
      <Filter>Game\collision</Filter>
    </ClCompile>
    <ClCompile Include="Collisions\CollisionPrimitive.cpp">
      <Filter>Game\collision</Filter>
    </ClCompile>
    <ClCompile Include="Collisions\ControlBase.cpp">
      <Filter>Game\collision</Filter>
    </ClCompile>
    <ClCompile Include="Collisions\MeshCollider.cpp">
      <Filter>Game\collision</Filter>
    </ClCompile>
    <ClCompile Include="Collisions\OBBCollision.cpp">
      <Filter>Game\collision</Filter>
    </ClCompile>
    <ClCompile Include="Collisions\QueryCallback.cpp">
      <Filter>Game\collision</Filter>
    </ClCompile>
    <ClCompile Include="Collisions\SphereCollider.cpp">
      <Filter>Game\collision</Filter>
    </ClCompile>
    <ClCompile Include="Collisions\TouchableObject.cpp">
      <Filter>Game\collision</Filter>
    </ClCompile>
    <ClCompile Include="Base\Audio.cpp">
      <Filter>Game\base %28Dxcmn  Winapp  Input%29\audio</Filter>
    </ClCompile>
    <ClCompile Include="Base\DirectXCommon.cpp">
      <Filter>Game\base %28Dxcmn  Winapp  Input%29</Filter>
    </ClCompile>
    <ClCompile Include="Base\Framework.cpp">
      <Filter>Game\base %28Dxcmn  Winapp  Input%29</Filter>
    </ClCompile>
    <ClCompile Include="Base\Input.cpp">
      <Filter>Game\base %28Dxcmn  Winapp  Input%29</Filter>
    </ClCompile>
    <ClCompile Include="Base\WinApp.cpp">
      <Filter>Game\base %28Dxcmn  Winapp  Input%29</Filter>
    </ClCompile>
    <ClCompile Include="Base\Obj\2d\PostEffect.cpp">
      <Filter>Game\2d %28DebugTxt  Sprite Texture%29\posteffect</Filter>
    </ClCompile>
    <ClCompile Include="Base\Obj\2d\DebugTxt.cpp">
      <Filter>Game\2d %28DebugTxt  Sprite Texture%29\sprite</Filter>
    </ClCompile>
    <ClCompile Include="Base\Obj\2d\Sprite.cpp">
      <Filter>Game\2d %28DebugTxt  Sprite Texture%29\sprite</Filter>
    </ClCompile>
    <ClCompile Include="Base\Obj\2d\Texture.cpp">
      <Filter>Game\2d %28DebugTxt  Sprite Texture%29\texture</Filter>
    </ClCompile>
    <ClCompile Include="Base\Obj\3d\f_Model.cpp">
      <Filter>Game\3d %28Model  Obj  Fbx%29\fbx</Filter>
    </ClCompile>
    <ClCompile Include="Base\Obj\3d\f_Object3d.cpp">
      <Filter>Game\3d %28Model  Obj  Fbx%29\fbx</Filter>
    </ClCompile>
    <ClCompile Include="Base\Obj\3d\FbxLoader.cpp">
      <Filter>Game\3d %28Model  Obj  Fbx%29\fbx</Filter>
    </ClCompile>
    <ClCompile Include="Base\Obj\3d\Material.cpp">
      <Filter>Game\3d %28Model  Obj  Fbx%29\obj</Filter>
    </ClCompile>
    <ClCompile Include="Base\Obj\3d\Mesh.cpp">
      <Filter>Game\3d %28Model  Obj  Fbx%29\obj</Filter>
    </ClCompile>
    <ClCompile Include="Base\Obj\3d\Model.cpp">
      <Filter>Game\3d %28Model  Obj  Fbx%29\obj</Filter>
    </ClCompile>
    <ClCompile Include="Base\Obj\3d\Object3d.cpp">
      <Filter>Game\3d %28Model  Obj  Fbx%29\obj</Filter>
    </ClCompile>
    <ClCompile Include="Base\Obj\3d\ModelManager.cpp">
      <Filter>Game\3d %28Model  Obj  Fbx%29</Filter>
    </ClCompile>
    <ClCompile Include="Base\Obj\3d\ObjectManager.cpp">
      <Filter>Game\gameobject\ゲームオブジェクト</Filter>
    </ClCompile>
    <ClCompile Include="Base\Light\LightGroup.cpp">
      <Filter>Game\gameobject\light</Filter>
    </ClCompile>
    <ClCompile Include="Base\Scene\SceneManager.cpp">
      <Filter>Game\Scene\SceneManager</Filter>
    </ClCompile>
    <ClCompile Include="Base\Scene\BaseScene.cpp">
      <Filter>Game\Scene\basescene</Filter>
    </ClCompile>
    <ClCompile Include="Base\Camera\Camera.cpp">
      <Filter>Game\gameobject\camera</Filter>
    </ClCompile>
    <ClCompile Include="Base\Camera\CameraControl.cpp">
      <Filter>Game\gameobject\camera</Filter>
    </ClCompile>
    <ClCompile Include="Base\Camera\DebugCamera.cpp">
      <Filter>Game\gameobject\camera</Filter>
    </ClCompile>
    <ClCompile Include="Base\Helper\Feed.cpp">
      <Filter>ヘッダー ファイル</Filter>
    </ClCompile>
    <ClCompile Include="GameObj\Player.cpp">
      <Filter>Game\gameobject\ゲームオブジェクト\Player</Filter>
    </ClCompile>
    <ClCompile Include="GameObj\Human.cpp">
      <Filter>Game\gameobject\ゲームオブジェクト\Player\Human</Filter>
    </ClCompile>
    <ClCompile Include="SushiMove.cpp">
      <Filter>Game\gameobject\ゲームオブジェクト\寿司</Filter>
    </ClCompile>
    <ClCompile Include="Cat.cpp">
      <Filter>Game\gameobject\ゲームオブジェクト\Player\Human</Filter>
    </ClCompile>
  </ItemGroup>
  <ItemGroup>
    <ClInclude Include="MyGame.h">
      <Filter>Game\Scene\basescene</Filter>
    </ClInclude>
    <ClInclude Include="GameObj\Bench.h">
      <Filter>Game\gameobject\ゲームオブジェクト\Bench</Filter>
    </ClInclude>
    <ClInclude Include="PlaceObj.h">
      <Filter>Game\gameobject\ゲームオブジェクト\配置物</Filter>
    </ClInclude>
    <ClInclude Include="Scenes\ResultScene.h">
      <Filter>Game\Scene\title,play</Filter>
    </ClInclude>
    <ClInclude Include="Scenes\GameScene.h">
      <Filter>Game\Scene\title,play</Filter>
    </ClInclude>
    <ClInclude Include="GameObj\Egg.h">
      <Filter>Game\gameobject\ゲームオブジェクト\寿司</Filter>
    </ClInclude>
    <ClInclude Include="GameObj\Sushi.h">
      <Filter>Game\gameobject\ゲームオブジェクト\寿司</Filter>
    </ClInclude>
    <ClInclude Include="GameObj\Tuna.h">
      <Filter>Game\gameobject\ゲームオブジェクト\寿司</Filter>
    </ClInclude>
    <ClInclude Include="Collisions\BaseCollider.h">
      <Filter>Game\collision</Filter>
    </ClInclude>
    <ClInclude Include="Collisions\Collision.h">
      <Filter>Game\collision</Filter>
    </ClInclude>
    <ClInclude Include="Collisions\CollisionAttribute.h">
      <Filter>Game\collision</Filter>
    </ClInclude>
    <ClInclude Include="Collisions\CollisionInfo.h">
      <Filter>Game\collision</Filter>
    </ClInclude>
    <ClInclude Include="Collisions\CollisionManager.h">
      <Filter>Game\collision</Filter>
    </ClInclude>
    <ClInclude Include="Collisions\CollisionPrimitive.h">
      <Filter>Game\collision</Filter>
    </ClInclude>
    <ClInclude Include="Collisions\CollisionTypes.h">
      <Filter>Game\collision</Filter>
    </ClInclude>
    <ClInclude Include="Collisions\ControlBase.h">
      <Filter>Game\collision</Filter>
    </ClInclude>
    <ClInclude Include="Collisions\MeshCollider.h">
      <Filter>Game\collision</Filter>
    </ClInclude>
    <ClInclude Include="Collisions\OBB.h">
      <Filter>Game\collision</Filter>
    </ClInclude>
    <ClInclude Include="Collisions\OBBCollision.h">
      <Filter>Game\collision</Filter>
    </ClInclude>
    <ClInclude Include="Collisions\QueryCallback.h">
      <Filter>Game\collision</Filter>
    </ClInclude>
    <ClInclude Include="Collisions\RaycastHit.h">
      <Filter>Game\collision</Filter>
    </ClInclude>
    <ClInclude Include="Collisions\SphereCollider.h">
      <Filter>Game\collision</Filter>
    </ClInclude>
    <ClInclude Include="Collisions\TouchableObject.h">
      <Filter>Game\collision</Filter>
    </ClInclude>
    <ClInclude Include="Base\Audio.h">
      <Filter>Game\base %28Dxcmn  Winapp  Input%29\audio</Filter>
    </ClInclude>
    <ClInclude Include="Base\DirectXCommon.h">
      <Filter>Game\base %28Dxcmn  Winapp  Input%29</Filter>
    </ClInclude>
    <ClInclude Include="Base\Framework.h">
      <Filter>Game\base %28Dxcmn  Winapp  Input%29</Filter>
    </ClInclude>
    <ClInclude Include="Base\Input.h">
      <Filter>Game\base %28Dxcmn  Winapp  Input%29</Filter>
    </ClInclude>
    <ClInclude Include="Base\WinApp.h">
      <Filter>Game\base %28Dxcmn  Winapp  Input%29</Filter>
    </ClInclude>
    <ClInclude Include="Base\Obj\2d\PostEffect.h">
      <Filter>Game\2d %28DebugTxt  Sprite Texture%29\posteffect</Filter>
    </ClInclude>
    <ClInclude Include="Base\Obj\2d\DebugTxt.h">
      <Filter>Game\2d %28DebugTxt  Sprite Texture%29\sprite</Filter>
    </ClInclude>
    <ClInclude Include="Base\Obj\2d\Sprite.h">
      <Filter>Game\2d %28DebugTxt  Sprite Texture%29\sprite</Filter>
    </ClInclude>
    <ClInclude Include="Base\Obj\2d\Texture.h">
      <Filter>Game\2d %28DebugTxt  Sprite Texture%29\texture</Filter>
    </ClInclude>
    <ClInclude Include="Base\Obj\3d\f_Model.h">
      <Filter>Game\3d %28Model  Obj  Fbx%29\fbx</Filter>
    </ClInclude>
    <ClInclude Include="Base\Obj\3d\f_Object3d.h">
      <Filter>Game\3d %28Model  Obj  Fbx%29\fbx</Filter>
    </ClInclude>
    <ClInclude Include="Base\Obj\3d\FbxLoader.h">
      <Filter>Game\3d %28Model  Obj  Fbx%29\fbx</Filter>
    </ClInclude>
    <ClInclude Include="Base\Obj\3d\Material.h">
      <Filter>Game\3d %28Model  Obj  Fbx%29\obj</Filter>
    </ClInclude>
    <ClInclude Include="Base\Obj\3d\Mesh.h">
      <Filter>Game\3d %28Model  Obj  Fbx%29\obj</Filter>
    </ClInclude>
    <ClInclude Include="Base\Obj\3d\Model.h">
      <Filter>Game\3d %28Model  Obj  Fbx%29\obj</Filter>
    </ClInclude>
    <ClInclude Include="Base\Obj\3d\Object3d.h">
      <Filter>Game\3d %28Model  Obj  Fbx%29\obj</Filter>
    </ClInclude>
    <ClInclude Include="Base\Obj\3d\ModelManager.h">
      <Filter>Game\3d %28Model  Obj  Fbx%29</Filter>
    </ClInclude>
    <ClInclude Include="Base\Obj\3d\ObjectManager.h">
      <Filter>Game\gameobject\ゲームオブジェクト</Filter>
    </ClInclude>
    <ClInclude Include="Base\Light\DirectionalLight.h">
      <Filter>Game\gameobject\light</Filter>
    </ClInclude>
    <ClInclude Include="Base\Light\LightGroup.h">
      <Filter>Game\gameobject\light</Filter>
    </ClInclude>
    <ClInclude Include="Base\Light\PointLight.h">
      <Filter>Game\gameobject\light</Filter>
    </ClInclude>
    <ClInclude Include="Base\Light\SpotLight.h">
      <Filter>Game\gameobject\light</Filter>
    </ClInclude>
    <ClInclude Include="Base\Scene\SceneManager.h">
      <Filter>Game\Scene\SceneManager</Filter>
    </ClInclude>
    <ClInclude Include="Base\Scene\BaseScene.h">
      <Filter>Game\Scene\basescene</Filter>
    </ClInclude>
    <ClInclude Include="Base\Camera\Camera.h">
      <Filter>Game\gameobject\camera</Filter>
    </ClInclude>
    <ClInclude Include="Base\Camera\CameraControl.h">
      <Filter>Game\gameobject\camera</Filter>
    </ClInclude>
    <ClInclude Include="Base\Camera\DebugCamera.h">
      <Filter>Game\gameobject\camera</Filter>
    </ClInclude>
    <ClInclude Include="Base\Helper\Destroy.h">
      <Filter>ヘッダー ファイル</Filter>
    </ClInclude>
    <ClInclude Include="Base\Helper\Feed.h">
      <Filter>ヘッダー ファイル</Filter>
    </ClInclude>
    <ClInclude Include="Base\Helper\mHelper.h">
      <Filter>ヘッダー ファイル</Filter>
    </ClInclude>
    <ClInclude Include="GameObj\Player.h">
      <Filter>Game\gameobject\ゲームオブジェクト\Player</Filter>
    </ClInclude>
    <ClInclude Include="GameObj\Human.h">
      <Filter>Game\gameobject\ゲームオブジェクト\Player\Human</Filter>
    </ClInclude>
    <ClInclude Include="SushiMove.h">
      <Filter>Game\gameobject\ゲームオブジェクト\寿司</Filter>
    </ClInclude>
    <ClInclude Include="Cat.h">
      <Filter>Game\gameobject\ゲームオブジェクト\Player\Human</Filter>
    </ClInclude>
  </ItemGroup>
  <ItemGroup>
    <FxCompile Include="Resources\Shader\lightpixel.hlsl">
      <Filter>リソース ファイル</Filter>
    </FxCompile>
    <FxCompile Include="Resources\Shader\lightver.hlsl">
      <Filter>リソース ファイル</Filter>
    </FxCompile>
    <FxCompile Include="Resources\Shader\BasicGS.hlsl">
      <Filter>リソース ファイル</Filter>
    </FxCompile>
    <FxCompile Include="Resources\Shader\BasicPS.hlsl">
      <Filter>リソース ファイル</Filter>
    </FxCompile>
    <FxCompile Include="Resources\Shader\BasicVS.hlsl">
      <Filter>リソース ファイル</Filter>
    </FxCompile>
    <FxCompile Include="Resources\Shader\BlurPS.hlsl">
      <Filter>リソース ファイル</Filter>
    </FxCompile>
    <FxCompile Include="Resources\Shader\BlurVS.hlsl">
      <Filter>リソース ファイル</Filter>
    </FxCompile>
    <FxCompile Include="Resources\Shader\FBXPS.hlsl">
      <Filter>リソース ファイル</Filter>
    </FxCompile>
    <FxCompile Include="Resources\Shader\FBXVS.hlsl">
      <Filter>リソース ファイル</Filter>
    </FxCompile>
    <FxCompile Include="Resources\Shader\PostEffectTestPS.hlsl">
      <Filter>リソース ファイル</Filter>
    </FxCompile>
    <FxCompile Include="Resources\Shader\PostEffectTestVS.hlsl">
      <Filter>リソース ファイル</Filter>
    </FxCompile>
    <FxCompile Include="Resources\Shader\SpritePS.hlsl">
      <Filter>リソース ファイル</Filter>
    </FxCompile>
    <FxCompile Include="Resources\Shader\SpriteVS.hlsl">
      <Filter>リソース ファイル</Filter>
    </FxCompile>
    <FxCompile Include="Resources\Shader\TexturePS.hlsl">
      <Filter>リソース ファイル</Filter>
    </FxCompile>
    <FxCompile Include="Resources\Shader\TextureVS.hlsl">
      <Filter>リソース ファイル</Filter>
    </FxCompile>
  </ItemGroup>
  <ItemGroup>
    <None Include="Resources\Shader\light.hlsli">
      <Filter>リソース ファイル</Filter>
    </None>
    <None Include="Resources\Shader\Blur.hlsli">
      <Filter>リソース ファイル</Filter>
    </None>
    <None Include="Resources\Shader\FBX.hlsli">
      <Filter>リソース ファイル</Filter>
    </None>
    <None Include="Resources\Shader\PostEffectTest.hlsli">
      <Filter>リソース ファイル</Filter>
    </None>
    <None Include="Resources\Shader\Sprite.hlsli">
      <Filter>リソース ファイル</Filter>
    </None>
    <None Include="Resources\Shader\Texture.hlsli">
      <Filter>リソース ファイル</Filter>
    </None>
  </ItemGroup>
</Project>